
Microsoft Visual Studio Solution File, Format Version 12.00
# Visual Studio 15
VisualStudioVersion = 15.0.27004.2006
MinimumVisualStudioVersion = 10.0.40219.1
Project("{FAE04EC0-301F-11D3-BF4B-00C04F79EFBC}") = "ServerHost", "ServerHost\ServerHost.csproj", "{98D61E3E-76A7-4664-BAF7-FBBF41A798D9}"
EndProject
Project("{2150E333-8FDC-42A3-9474-1A3956D46DE8}") = "Tests", "Tests", "{A20AA77B-112B-4786-BDC1-7ADC8CE32C40}"
EndProject
Project("{FAE04EC0-301F-11D3-BF4B-00C04F79EFBC}") = "Tests.Net46", "Tests\Tests.Net46\Tests.Net46.csproj", "{DB6BD075-C56F-4335-83FD-DD4CEF140FED}"
EndProject
Project("{FAE04EC0-301F-11D3-BF4B-00C04F79EFBC}") = "TestServer", "Tests\TestServer\TestServer.csproj", "{3C8985C0-B0EC-4EB6-8EA3-DCB7D770F3FC}"
EndProject
Project("{2150E333-8FDC-42A3-9474-1A3956D46DE8}") = "Build", "Build", "{64DBC33D-89B0-4F25-8E6D-3A4FAA8F4AE0}"
	ProjectSection(SolutionItems) = preProject
		.gitignore = .gitignore
		.travis.yml = .travis.yml
		appveyor.yml = appveyor.yml
		azure-pipelines.yml = azure-pipelines.yml
		Build.cmd = Build.cmd
		Build.sh = Build.sh
		Clean.cmd = Clean.cmd
		nuget-restore.cmd = nuget-restore.cmd
		Test.cmd = Test.cmd
		Test.runsettings = Test.runsettings
		Test.sh = Test.sh
		azure-pipelines.yml = azure-pipelines.yml
	EndProjectSection
EndProject
Global
	GlobalSection(SolutionConfigurationPlatforms) = preSolution
		Debug|Any CPU = Debug|Any CPU
		Release|Any CPU = Release|Any CPU
	EndGlobalSection
	GlobalSection(ProjectConfigurationPlatforms) = postSolution
		{98D61E3E-76A7-4664-BAF7-FBBF41A798D9}.Debug|Any CPU.ActiveCfg = Debug|Any CPU
		{98D61E3E-76A7-4664-BAF7-FBBF41A798D9}.Debug|Any CPU.Build.0 = Debug|Any CPU
		{98D61E3E-76A7-4664-BAF7-FBBF41A798D9}.Release|Any CPU.ActiveCfg = Release|Any CPU
		{98D61E3E-76A7-4664-BAF7-FBBF41A798D9}.Release|Any CPU.Build.0 = Release|Any CPU
		{DB6BD075-C56F-4335-83FD-DD4CEF140FED}.Debug|Any CPU.ActiveCfg = Debug|Any CPU
		{DB6BD075-C56F-4335-83FD-DD4CEF140FED}.Debug|Any CPU.Build.0 = Debug|Any CPU
		{DB6BD075-C56F-4335-83FD-DD4CEF140FED}.Release|Any CPU.ActiveCfg = Release|Any CPU
		{DB6BD075-C56F-4335-83FD-DD4CEF140FED}.Release|Any CPU.Build.0 = Release|Any CPU
		{3C8985C0-B0EC-4EB6-8EA3-DCB7D770F3FC}.Debug|Any CPU.ActiveCfg = Debug|Any CPU
		{3C8985C0-B0EC-4EB6-8EA3-DCB7D770F3FC}.Debug|Any CPU.Build.0 = Debug|Any CPU
		{3C8985C0-B0EC-4EB6-8EA3-DCB7D770F3FC}.Release|Any CPU.ActiveCfg = Release|Any CPU
		{3C8985C0-B0EC-4EB6-8EA3-DCB7D770F3FC}.Release|Any CPU.Build.0 = Release|Any CPU
	EndGlobalSection
	GlobalSection(SolutionProperties) = preSolution
		HideSolutionNode = FALSE
	EndGlobalSection
	GlobalSection(NestedProjects) = preSolution
		{DB6BD075-C56F-4335-83FD-DD4CEF140FED} = {A20AA77B-112B-4786-BDC1-7ADC8CE32C40}
		{3C8985C0-B0EC-4EB6-8EA3-DCB7D770F3FC} = {A20AA77B-112B-4786-BDC1-7ADC8CE32C40}
	EndGlobalSection
	GlobalSection(ExtensibilityGlobals) = postSolution
		SolutionGuid = {20B9C9F1-4BE3-470E-81E8-2BB73541ED6A}
	EndGlobalSection
EndGlobal
